
Microsoft Visual Studio Solution File, Format Version 12.00
Project("{9A19103F-16F7-4668-BE54-9A1E7A4F7556}") = "Movie-Knight", "Movie-Knight\Movie-Knight.csproj", "{C6D4870F-BDFD-464F-9465-CCA422F9BC97}"
EndProject
Project("{2150E333-8FDC-42A3-9474-1A3956D46DE8}") = "Solution Items", "Solution Items", "{C5B241F9-0A91-4422-82DA-AAF9278F12D8}"
	ProjectSection(SolutionItems) = preProject
		docker-compose.yml = docker-compose.yml
	EndProjectSection
EndProject
Project("{FAE04EC0-301F-11D3-BF4B-00C04F79EFBC}") = "UserArchiver", "UserArchiver\UserArchiver.csproj", "{74F138A1-8E8B-4EE6-ADC9-A2D35043257A}"
EndProject
Project("{FAE04EC0-301F-11D3-BF4B-00C04F79EFBC}") = "UserComparisonAnalyzer", "UserComparisonAnalyzer\UserComparisonAnalyzer.csproj", "{94D3F903-4E74-46C1-A584-57D68B2DFFDC}"
EndProject
Project("{FAE04EC0-301F-11D3-BF4B-00C04F79EFBC}") = "Movie-knight-Apphost", "Movie-knight-Apphost\Movie-knight-Apphost.csproj", "{3506F5F7-AC22-4E4A-8F5E-D8CEB5E60A22}"
EndProject
Project("{FAE04EC0-301F-11D3-BF4B-00C04F79EFBC}") = "Movie-Knight.ServiceDefaults", "Movie-Knight.ServiceDefaults\Movie-Knight.ServiceDefaults.csproj", "{9159F295-852E-4DA7-B99A-B2CD9E102A9D}"
EndProject
Global
	GlobalSection(SolutionConfigurationPlatforms) = preSolution
		Debug|Any CPU = Debug|Any CPU
		Debug|x64 = Debug|x64
		Debug|x86 = Debug|x86
		Release|Any CPU = Release|Any CPU
		Release|x64 = Release|x64
		Release|x86 = Release|x86
	EndGlobalSection
	GlobalSection(ProjectConfigurationPlatforms) = postSolution
		{C6D4870F-BDFD-464F-9465-CCA422F9BC97}.Debug|Any CPU.ActiveCfg = Debug|Any CPU
		{C6D4870F-BDFD-464F-9465-CCA422F9BC97}.Debug|Any CPU.Build.0 = Debug|Any CPU
		{C6D4870F-BDFD-464F-9465-CCA422F9BC97}.Debug|x64.ActiveCfg = Debug|Any CPU
		{C6D4870F-BDFD-464F-9465-CCA422F9BC97}.Debug|x64.Build.0 = Debug|Any CPU
		{C6D4870F-BDFD-464F-9465-CCA422F9BC97}.Debug|x86.ActiveCfg = Debug|Any CPU
		{C6D4870F-BDFD-464F-9465-CCA422F9BC97}.Debug|x86.Build.0 = Debug|Any CPU
		{C6D4870F-BDFD-464F-9465-CCA422F9BC97}.Release|Any CPU.ActiveCfg = Release|Any CPU
		{C6D4870F-BDFD-464F-9465-CCA422F9BC97}.Release|Any CPU.Build.0 = Release|Any CPU
		{C6D4870F-BDFD-464F-9465-CCA422F9BC97}.Release|x64.ActiveCfg = Release|Any CPU
		{C6D4870F-BDFD-464F-9465-CCA422F9BC97}.Release|x64.Build.0 = Release|Any CPU
		{C6D4870F-BDFD-464F-9465-CCA422F9BC97}.Release|x86.ActiveCfg = Release|Any CPU
		{C6D4870F-BDFD-464F-9465-CCA422F9BC97}.Release|x86.Build.0 = Release|Any CPU
		{74F138A1-8E8B-4EE6-ADC9-A2D35043257A}.Debug|Any CPU.ActiveCfg = Debug|Any CPU
		{74F138A1-8E8B-4EE6-ADC9-A2D35043257A}.Debug|Any CPU.Build.0 = Debug|Any CPU
		{74F138A1-8E8B-4EE6-ADC9-A2D35043257A}.Debug|x64.ActiveCfg = Debug|Any CPU
		{74F138A1-8E8B-4EE6-ADC9-A2D35043257A}.Debug|x64.Build.0 = Debug|Any CPU
		{74F138A1-8E8B-4EE6-ADC9-A2D35043257A}.Debug|x86.ActiveCfg = Debug|Any CPU
		{74F138A1-8E8B-4EE6-ADC9-A2D35043257A}.Debug|x86.Build.0 = Debug|Any CPU
		{74F138A1-8E8B-4EE6-ADC9-A2D35043257A}.Release|Any CPU.ActiveCfg = Release|Any CPU
		{74F138A1-8E8B-4EE6-ADC9-A2D35043257A}.Release|Any CPU.Build.0 = Release|Any CPU
		{74F138A1-8E8B-4EE6-ADC9-A2D35043257A}.Release|x64.ActiveCfg = Release|Any CPU
		{74F138A1-8E8B-4EE6-ADC9-A2D35043257A}.Release|x64.Build.0 = Release|Any CPU
		{74F138A1-8E8B-4EE6-ADC9-A2D35043257A}.Release|x86.ActiveCfg = Release|Any CPU
		{74F138A1-8E8B-4EE6-ADC9-A2D35043257A}.Release|x86.Build.0 = Release|Any CPU
		{94D3F903-4E74-46C1-A584-57D68B2DFFDC}.Debug|Any CPU.ActiveCfg = Debug|Any CPU
		{94D3F903-4E74-46C1-A584-57D68B2DFFDC}.Debug|Any CPU.Build.0 = Debug|Any CPU
		{94D3F903-4E74-46C1-A584-57D68B2DFFDC}.Debug|x64.ActiveCfg = Debug|Any CPU
		{94D3F903-4E74-46C1-A584-57D68B2DFFDC}.Debug|x64.Build.0 = Debug|Any CPU
		{94D3F903-4E74-46C1-A584-57D68B2DFFDC}.Debug|x86.ActiveCfg = Debug|Any CPU
		{94D3F903-4E74-46C1-A584-57D68B2DFFDC}.Debug|x86.Build.0 = Debug|Any CPU
		{94D3F903-4E74-46C1-A584-57D68B2DFFDC}.Release|Any CPU.ActiveCfg = Release|Any CPU
		{94D3F903-4E74-46C1-A584-57D68B2DFFDC}.Release|Any CPU.Build.0 = Release|Any CPU
		{94D3F903-4E74-46C1-A584-57D68B2DFFDC}.Release|x64.ActiveCfg = Release|Any CPU
		{94D3F903-4E74-46C1-A584-57D68B2DFFDC}.Release|x64.Build.0 = Release|Any CPU
		{94D3F903-4E74-46C1-A584-57D68B2DFFDC}.Release|x86.ActiveCfg = Release|Any CPU
		{94D3F903-4E74-46C1-A584-57D68B2DFFDC}.Release|x86.Build.0 = Release|Any CPU
		{3506F5F7-AC22-4E4A-8F5E-D8CEB5E60A22}.Debug|Any CPU.ActiveCfg = Debug|Any CPU
		{3506F5F7-AC22-4E4A-8F5E-D8CEB5E60A22}.Debug|Any CPU.Build.0 = Debug|Any CPU
		{3506F5F7-AC22-4E4A-8F5E-D8CEB5E60A22}.Debug|x64.ActiveCfg = Debug|Any CPU
		{3506F5F7-AC22-4E4A-8F5E-D8CEB5E60A22}.Debug|x64.Build.0 = Debug|Any CPU
		{3506F5F7-AC22-4E4A-8F5E-D8CEB5E60A22}.Debug|x86.ActiveCfg = Debug|Any CPU
		{3506F5F7-AC22-4E4A-8F5E-D8CEB5E60A22}.Debug|x86.Build.0 = Debug|Any CPU
		{3506F5F7-AC22-4E4A-8F5E-D8CEB5E60A22}.Release|Any CPU.ActiveCfg = Release|Any CPU
		{3506F5F7-AC22-4E4A-8F5E-D8CEB5E60A22}.Release|Any CPU.Build.0 = Release|Any CPU
		{3506F5F7-AC22-4E4A-8F5E-D8CEB5E60A22}.Release|x64.ActiveCfg = Release|Any CPU
		{3506F5F7-AC22-4E4A-8F5E-D8CEB5E60A22}.Release|x64.Build.0 = Release|Any CPU
		{3506F5F7-AC22-4E4A-8F5E-D8CEB5E60A22}.Release|x86.ActiveCfg = Release|Any CPU
		{3506F5F7-AC22-4E4A-8F5E-D8CEB5E60A22}.Release|x86.Build.0 = Release|Any CPU
		{9159F295-852E-4DA7-B99A-B2CD9E102A9D}.Debug|Any CPU.ActiveCfg = Debug|Any CPU
		{9159F295-852E-4DA7-B99A-B2CD9E102A9D}.Debug|Any CPU.Build.0 = Debug|Any CPU
		{9159F295-852E-4DA7-B99A-B2CD9E102A9D}.Debug|x64.ActiveCfg = Debug|Any CPU
		{9159F295-852E-4DA7-B99A-B2CD9E102A9D}.Debug|x64.Build.0 = Debug|Any CPU
		{9159F295-852E-4DA7-B99A-B2CD9E102A9D}.Debug|x86.ActiveCfg = Debug|Any CPU
		{9159F295-852E-4DA7-B99A-B2CD9E102A9D}.Debug|x86.Build.0 = Debug|Any CPU
		{9159F295-852E-4DA7-B99A-B2CD9E102A9D}.Release|Any CPU.ActiveCfg = Release|Any CPU
		{9159F295-852E-4DA7-B99A-B2CD9E102A9D}.Release|Any CPU.Build.0 = Release|Any CPU
		{9159F295-852E-4DA7-B99A-B2CD9E102A9D}.Release|x64.ActiveCfg = Release|Any CPU
		{9159F295-852E-4DA7-B99A-B2CD9E102A9D}.Release|x64.Build.0 = Release|Any CPU
		{9159F295-852E-4DA7-B99A-B2CD9E102A9D}.Release|x86.ActiveCfg = Release|Any CPU
		{9159F295-852E-4DA7-B99A-B2CD9E102A9D}.Release|x86.Build.0 = Release|Any CPU
	EndGlobalSection
	GlobalSection(SolutionProperties) = preSolution
		HideSolutionNode = FALSE
	EndGlobalSection
EndGlobal
