
Microsoft Visual Studio Solution File, Format Version 12.00
# 
Project("{9A19103F-16F7-4668-BE54-9A1E7A4F7556}") = "Movie-Knight", "Movie-Knight\Movie-Knight.csproj", "{C6D4870F-BDFD-464F-9465-CCA422F9BC97}"
EndProject
Project("{2150E333-8FDC-42A3-9474-1A3956D46DE8}") = "Solution Items", "Solution Items", "{C5B241F9-0A91-4422-82DA-AAF9278F12D8}"
	ProjectSection(SolutionItems) = preProject
		docker-compose.yml = docker-compose.yml
	EndProjectSection
EndProject
Project("{FAE04EC0-301F-11D3-BF4B-00C04F79EFBC}") = "UserArchiver", "UserArchiver\UserArchiver.csproj", "{74F138A1-8E8B-4EE6-ADC9-A2D35043257A}"
EndProject
Project("{FAE04EC0-301F-11D3-BF4B-00C04F79EFBC}") = "UserComparisonAnalyzer", "UserComparisonAnalyzer\UserComparisonAnalyzer.csproj", "{94D3F903-4E74-46C1-A584-57D68B2DFFDC}"
EndProject
Global
	GlobalSection(SolutionConfigurationPlatforms) = preSolution
		Debug|Any CPU = Debug|Any CPU
		Release|Any CPU = Release|Any CPU
	EndGlobalSection
	GlobalSection(ProjectConfigurationPlatforms) = postSolution
		{C6D4870F-BDFD-464F-9465-CCA422F9BC97}.Debug|Any CPU.ActiveCfg = Debug|Any CPU
		{C6D4870F-BDFD-464F-9465-CCA422F9BC97}.Debug|Any CPU.Build.0 = Debug|Any CPU
		{C6D4870F-BDFD-464F-9465-CCA422F9BC97}.Release|Any CPU.ActiveCfg = Release|Any CPU
		{C6D4870F-BDFD-464F-9465-CCA422F9BC97}.Release|Any CPU.Build.0 = Release|Any CPU
		{74F138A1-8E8B-4EE6-ADC9-A2D35043257A}.Debug|Any CPU.ActiveCfg = Debug|Any CPU
		{74F138A1-8E8B-4EE6-ADC9-A2D35043257A}.Debug|Any CPU.Build.0 = Debug|Any CPU
		{74F138A1-8E8B-4EE6-ADC9-A2D35043257A}.Release|Any CPU.ActiveCfg = Release|Any CPU
		{74F138A1-8E8B-4EE6-ADC9-A2D35043257A}.Release|Any CPU.Build.0 = Release|Any CPU
		{94D3F903-4E74-46C1-A584-57D68B2DFFDC}.Debug|Any CPU.ActiveCfg = Debug|Any CPU
		{94D3F903-4E74-46C1-A584-57D68B2DFFDC}.Debug|Any CPU.Build.0 = Debug|Any CPU
		{94D3F903-4E74-46C1-A584-57D68B2DFFDC}.Release|Any CPU.ActiveCfg = Release|Any CPU
		{94D3F903-4E74-46C1-A584-57D68B2DFFDC}.Release|Any CPU.Build.0 = Release|Any CPU
	EndGlobalSection
EndGlobal
